dependencies:
- name: postgresql
  repository: https://charts.bitnami.com/bitnami
  version: 12.1.9
- name: rabbitmq
  repository: https://charts.bitnami.com/bitnami
  version: 11.5.0
- name: redis
  repository: https://charts.bitnami.com/bitnami
  version: 17.6.0
- name: minio
  repository: https://charts.bitnami.com/bitnami
  version: 12.8.4
digest: sha256:6019dfe6d38fb527d2e85d8812967041486476a2b49f9e1944bc4b944825948b
generated: "2023-11-14T09:55:52.835727568+01:00"
