dependencies:
- name: postgresql
  repository: https://charts.bitnami.com/bitnami
  version: 15.5.8
- name: rabbitmq
  repository: https://charts.bitnami.com/bitnami
  version: 14.4.4
- name: redis
  repository: https://charts.bitnami.com/bitnami
  version: 19.5.5
- name: minio
  repository: https://charts.bitnami.com/bitnami
  version: 14.6.11
digest: sha256:fa031c793b44ffacdbd5d304d3f6718fbe220f871cc8a674996b0cac7df57e5d
generated: "2024-11-25T09:46:06.227586+01:00"
