dependencies:
- name: postgresql
  repository: https://charts.bitnami.com/bitnami
  version: 13.2.5
- name: rabbitmq
  repository: https://charts.bitnami.com/bitnami
  version: 12.5.4
- name: redis
  repository: https://charts.bitnami.com/bitnami
  version: 17.6.0
- name: minio
  repository: https://charts.bitnami.com/bitnami
  version: 12.10.3
digest: sha256:88e02cb4d1da2f84af02785ec39443ef9d09982cd123351914986fc9492f18ed
generated: "2024-01-31T10:45:31.178477419Z"
